{
  "name": "mfe_boilerplate",
  "lockfileVersion": 2,
  "requires": true,
  "packages": {
    "": {
      "dependencies": {
        "vite-plugin-css-injected-by-js": "^3.3.0"
      }
    },
    "node_modules/vite-plugin-css-injected-by-js": {
      "version": "3.3.0",
      "license": "MIT",
      "peerDependencies": {
        "vite": ">2.0.0-0"
      }
    }
  },
  "dependencies": {
    "vite-plugin-css-injected-by-js": {
      "version": "3.3.0",
      "requires": {}
    }
  }
}
